// !$*UTF8*$!
{
	archiveVersion = 1;
	classes = {
	};
	objectVersion = 46;
	objects = {

/* Begin PBXBuildFile section */
		203E86CF1CCE401100795DCB /* RatingControl.swift in Sources */ = {isa = PBXBuildFile; fileRef = 203E86CE1CCE401100795DCB /* RatingControl.swift */; };
		20D65AA51CD13973004CF214 /* MealTableViewCell.swift in Sources */ = {isa = PBXBuildFile; fileRef = 20D65AA41CD13973004CF214 /* MealTableViewCell.swift */; };
		20D65AA71CD13DA7004CF214 /* MealTableViewController.swift in Sources */ = {isa = PBXBuildFile; fileRef = 20D65AA61CD13DA7004CF214 /* MealTableViewController.swift */; };
		20D9A8921CCF88EC0090F7E0 /* Meal.swift in Sources */ = {isa = PBXBuildFile; fileRef = 20D9A8911CCF88EC0090F7E0 /* Meal.swift */; };
		20D9A8931CCF88EC0090F7E0 /* Meal.swift in Sources */ = {isa = PBXBuildFile; fileRef = 20D9A8911CCF88EC0090F7E0 /* Meal.swift */; };
		20EF36AD1CCDFD37002A68F3 /* AppDelegate.swift in Sources */ = {isa = PBXBuildFile; fileRef = 20EF36AC1CCDFD37002A68F3 /* AppDelegate.swift */; };
		20EF36AF1CCDFD37002A68F3 /* MealViewController.swift in Sources */ = {isa = PBXBuildFile; fileRef = 20EF36AE1CCDFD37002A68F3 /* MealViewController.swift */; };
		20EF36B21CCDFD37002A68F3 /* Main.storyboard in Resources */ = {isa = PBXBuildFile; fileRef = 20EF36B01CCDFD37002A68F3 /* Main.storyboard */; };
		20EF36B41CCDFD37002A68F3 /* Assets.xcassets in Resources */ = {isa = PBXBuildFile; fileRef = 20EF36B31CCDFD37002A68F3 /* Assets.xcassets */; };
		20EF36B71CCDFD37002A68F3 /* LaunchScreen.storyboard in Resources */ = {isa = PBXBuildFile; fileRef = 20EF36B51CCDFD37002A68F3 /* LaunchScreen.storyboard */; };
		20EF36C21CCDFD37002A68F3 /* FoodTrackerTests.swift in Sources */ = {isa = PBXBuildFile; fileRef = 20EF36C11CCDFD37002A68F3 /* FoodTrackerTests.swift */; };
/* End PBXBuildFile section */

/* Begin PBXContainerItemProxy section */
		20EF36BE1CCDFD37002A68F3 /* PBXContainerItemProxy */ = {
			isa = PBXContainerItemProxy;
			containerPortal = 20EF36A11CCDFD37002A68F3 /* Project object */;
			proxyType = 1;
			remoteGlobalIDString = 20EF36A81CCDFD37002A68F3;
			remoteInfo = FoodTracker;
		};
/* End PBXContainerItemProxy section */

/* Begin PBXFileReference section */
		203E86CE1CCE401100795DCB /* RatingControl.swift */ = {isa = PBXFileReference; fileEncoding = 4; lastKnownFileType = sourcecode.swift; path = RatingControl.swift; sourceTree = "<group>"; };
		20D65AA41CD13973004CF214 /* MealTableViewCell.swift */ = {isa = PBXFileReference; fileEncoding = 4; lastKnownFileType = sourcecode.swift; path = MealTableViewCell.swift; sourceTree = "<group>"; };
		20D65AA61CD13DA7004CF214 /* MealTableViewController.swift */ = {isa = PBXFileReference; fileEncoding = 4; lastKnownFileType = sourcecode.swift; path = MealTableViewController.swift; sourceTree = "<group>"; };
		20D9A8911CCF88EC0090F7E0 /* Meal.swift */ = {isa = PBXFileReference; fileEncoding = 4; lastKnownFileType = sourcecode.swift; path = Meal.swift; sourceTree = "<group>"; };
		20EF36A91CCDFD37002A68F3 /* FoodTracker.app */ = {isa = PBXFileReference; explicitFileType = wrapper.application; includeInIndex = 0; path = FoodTracker.app; sourceTree = BUILT_PRODUCTS_DIR; };
		20EF36AC1CCDFD37002A68F3 /* AppDelegate.swift */ = {isa = PBXFileReference; lastKnownFileType = sourcecode.swift; path = AppDelegate.swift; sourceTree = "<group>"; };
		20EF36AE1CCDFD37002A68F3 /* MealViewController.swift */ = {isa = PBXFileReference; lastKnownFileType = sourcecode.swift; path = MealViewController.swift; sourceTree = "<group>"; };
		20EF36B11CCDFD37002A68F3 /* Base */ = {isa = PBXFileReference; lastKnownFileType = file.storyboard; name = Base; path = Base.lproj/Main.storyboard; sourceTree = "<group>"; };
		20EF36B31CCDFD37002A68F3 /* Assets.xcassets */ = {isa = PBXFileReference; lastKnownFileType = folder.assetcatalog; path = Assets.xcassets; sourceTree = "<group>"; };
		20EF36B61CCDFD37002A68F3 /* Base */ = {isa = PBXFileReference; lastKnownFileType = file.storyboard; name = Base; path = Base.lproj/LaunchScreen.storyboard; sourceTree = "<group>"; };
		20EF36B81CCDFD37002A68F3 /* Info.plist */ = {isa = PBXFileReference; lastKnownFileType = text.plist.xml; path = Info.plist; sourceTree = "<group>"; };
		20EF36BD1CCDFD37002A68F3 /* FoodTrackerTests.xctest */ = {isa = PBXFileReference; explicitFileType = wrapper.cfbundle; includeInIndex = 0; path = FoodTrackerTests.xctest; sourceTree = BUILT_PRODUCTS_DIR; };
		20EF36C11CCDFD37002A68F3 /* FoodTrackerTests.swift */ = {isa = PBXFileReference; lastKnownFileType = sourcecode.swift; path = FoodTrackerTests.swift; sourceTree = "<group>"; };
		20EF36C31CCDFD37002A68F3 /* Info.plist */ = {isa = PBXFileReference; lastKnownFileType = text.plist.xml; path = Info.plist; sourceTree = "<group>"; };
/* End PBXFileReference section */

/* Begin PBXFrameworksBuildPhase section */
		20EF36A61CCDFD37002A68F3 /* Frameworks */ = {
			isa = PBXFrameworksBuildPhase;
			buildActionMask = 2147483647;
			files = (
			);
			runOnlyForDeploymentPostprocessing = 0;
		};
		20EF36BA1CCDFD37002A68F3 /* Frameworks */ = {
			isa = PBXFrameworksBuildPhase;
			buildActionMask = 2147483647;
			files = (
			);
			runOnlyForDeploymentPostprocessing = 0;
		};
/* End PBXFrameworksBuildPhase section */

/* Begin PBXGroup section */
		20EF36A01CCDFD37002A68F3 = {
			isa = PBXGroup;
			children = (
				20EF36AB1CCDFD37002A68F3 /* FoodTracker */,
				20EF36C01CCDFD37002A68F3 /* FoodTrackerTests */,
				20EF36AA1CCDFD37002A68F3 /* Products */,
			);
			sourceTree = "<group>";
		};
		20EF36AA1CCDFD37002A68F3 /* Products */ = {
			isa = PBXGroup;
			children = (
				20EF36A91CCDFD37002A68F3 /* FoodTracker.app */,
				20EF36BD1CCDFD37002A68F3 /* FoodTrackerTests.xctest */,
			);
			name = Products;
			sourceTree = "<group>";
		};
		20EF36AB1CCDFD37002A68F3 /* FoodTracker */ = {
			isa = PBXGroup;
			children = (
				20EF36AC1CCDFD37002A68F3 /* AppDelegate.swift */,
				20EF36AE1CCDFD37002A68F3 /* MealViewController.swift */,
				20D9A8911CCF88EC0090F7E0 /* Meal.swift */,
				20EF36B01CCDFD37002A68F3 /* Main.storyboard */,
				20D65AA61CD13DA7004CF214 /* MealTableViewController.swift */,
				20D65AA41CD13973004CF214 /* MealTableViewCell.swift */,
				203E86CE1CCE401100795DCB /* RatingControl.swift */,
				20EF36B31CCDFD37002A68F3 /* Assets.xcassets */,
				20EF36B51CCDFD37002A68F3 /* LaunchScreen.storyboard */,
				20EF36B81CCDFD37002A68F3 /* Info.plist */,
			);
			path = FoodTracker;
			sourceTree = "<group>";
		};
		20EF36C01CCDFD37002A68F3 /* FoodTrackerTests */ = {
			isa = PBXGroup;
			children = (
				20EF36C11CCDFD37002A68F3 /* FoodTrackerTests.swift */,
				20EF36C31CCDFD37002A68F3 /* Info.plist */,
			);
			path = FoodTrackerTests;
			sourceTree = "<group>";
		};
/* End PBXGroup section */

/* Begin PBXNativeTarget section */
		20EF36A81CCDFD37002A68F3 /* FoodTracker */ = {
			isa = PBXNativeTarget;
			buildConfigurationList = 20EF36C61CCDFD37002A68F3 /* Build configuration list for PBXNativeTarget "FoodTracker" */;
			buildPhases = (
				20EF36A51CCDFD37002A68F3 /* Sources */,
				20EF36A61CCDFD37002A68F3 /* Frameworks */,
				20EF36A71CCDFD37002A68F3 /* Resources */,
			);
			buildRules = (
			);
			dependencies = (
			);
			name = FoodTracker;
			productName = FoodTracker;
			productReference = 20EF36A91CCDFD37002A68F3 /* FoodTracker.app */;
			productType = "com.apple.product-type.application";
		};
		20EF36BC1CCDFD37002A68F3 /* FoodTrackerTests */ = {
			isa = PBXNativeTarget;
			buildConfigurationList = 20EF36C91CCDFD37002A68F3 /* Build configuration list for PBXNativeTarget "FoodTrackerTests" */;
			buildPhases = (
				20EF36B91CCDFD37002A68F3 /* Sources */,
				20EF36BA1CCDFD37002A68F3 /* Frameworks */,
				20EF36BB1CCDFD37002A68F3 /* Resources */,
			);
			buildRules = (
			);
			dependencies = (
				20EF36BF1CCDFD37002A68F3 /* PBXTargetDependency */,
			);
			name = FoodTrackerTests;
			productName = FoodTrackerTests;
			productReference = 20EF36BD1CCDFD37002A68F3 /* FoodTrackerTests.xctest */;
			productType = "com.apple.product-type.bundle.unit-test";
		};
/* End PBXNativeTarget section */

/* Begin PBXProject section */
		20EF36A11CCDFD37002A68F3 /* Project object */ = {
			isa = PBXProject;
			attributes = {
				LastSwiftUpdateCheck = 0730;
				LastUpgradeCheck = 1140;
				ORGANIZATIONNAME = Swifticode;
				TargetAttributes = {
					20EF36A81CCDFD37002A68F3 = {
						CreatedOnToolsVersion = 7.3;
						LastSwiftMigration = 1140;
					};
					20EF36BC1CCDFD37002A68F3 = {
						CreatedOnToolsVersion = 7.3;
						LastSwiftMigration = 1140;
						TestTargetID = 20EF36A81CCDFD37002A68F3;
					};
				};
			};
			buildConfigurationList = 20EF36A41CCDFD37002A68F3 /* Build configuration list for PBXProject "FoodTracker" */;
			compatibilityVersion = "Xcode 3.2";
			developmentRegion = en;
			hasScannedForEncodings = 0;
			knownRegions = (
				en,
				Base,
			);
			mainGroup = 20EF36A01CCDFD37002A68F3;
			productRefGroup = 20EF36AA1CCDFD37002A68F3 /* Products */;
			projectDirPath = "";
			projectRoot = "";
			targets = (
				20EF36A81CCDFD37002A68F3 /* FoodTracker */,
				20EF36BC1CCDFD37002A68F3 /* FoodTrackerTests */,
			);
		};
/* End PBXProject section */

/* Begin PBXResourcesBuildPhase section */
		20EF36A71CCDFD37002A68F3 /* Resources */ = {
			isa = PBXResourcesBuildPhase;
			buildActionMask = 2147483647;
			files = (
				20EF36B71CCDFD37002A68F3 /* LaunchScreen.storyboard in Resources */,
				20EF36B41CCDFD37002A68F3 /* Assets.xcassets in Resources */,
				20EF36B21CCDFD37002A68F3 /* Main.storyboard in Resources */,
			);
			runOnlyForDeploymentPostprocessing = 0;
		};
		20EF36BB1CCDFD37002A68F3 /* Resources */ = {
			isa = PBXResourcesBuildPhase;
			buildActionMask = 2147483647;
			files = (
			);
			runOnlyForDeploymentPostprocessing = 0;
		};
/* End PBXResourcesBuildPhase section */

/* Begin PBXSourcesBuildPhase section */
		20EF36A51CCDFD37002A68F3 /* Sources */ = {
			isa = PBXSourcesBuildPhase;
			buildActionMask = 2147483647;
			files = (
				20D9A8921CCF88EC0090F7E0 /* Meal.swift in Sources */,
				20EF36AF1CCDFD37002A68F3 /* MealViewController.swift in Sources */,
				203E86CF1CCE401100795DCB /* RatingControl.swift in Sources */,
				20EF36AD1CCDFD37002A68F3 /* AppDelegate.swift in Sources */,
				20D65AA71CD13DA7004CF214 /* MealTableViewController.swift in Sources */,
				20D65AA51CD13973004CF214 /* MealTableViewCell.swift in Sources */,
			);
			runOnlyForDeploymentPostprocessing = 0;
		};
		20EF36B91CCDFD37002A68F3 /* Sources */ = {
			isa = PBXSourcesBuildPhase;
			buildActionMask = 2147483647;
			files = (
				20D9A8931CCF88EC0090F7E0 /* Meal.swift in Sources */,
				20EF36C21CCDFD37002A68F3 /* FoodTrackerTests.swift in Sources */,
			);
			runOnlyForDeploymentPostprocessing = 0;
		};
/* End PBXSourcesBuildPhase section */

/* Begin PBXTargetDependency section */
		20EF36BF1CCDFD37002A68F3 /* PBXTargetDependency */ = {
			isa = PBXTargetDependency;
			target = 20EF36A81CCDFD37002A68F3 /* FoodTracker */;
			targetProxy = 20EF36BE1CCDFD37002A68F3 /* PBXContainerItemProxy */;
		};
/* End PBXTargetDependency section */

/* Begin PBXVariantGroup section */
		20EF36B01CCDFD37002A68F3 /* Main.storyboard */ = {
			isa = PBXVariantGroup;
			children = (
				20EF36B11CCDFD37002A68F3 /* Base */,
			);
			name = Main.storyboard;
			sourceTree = "<group>";
		};
		20EF36B51CCDFD37002A68F3 /* LaunchScreen.storyboard */ = {
			isa = PBXVariantGroup;
			children = (
				20EF36B61CCDFD37002A68F3 /* Base */,
			);
			name = LaunchScreen.storyboard;
			sourceTree = "<group>";
		};
/* End PBXVariantGroup section */

/* Begin XCBuildConfiguration section */
		20EF36C41CCDFD37002A68F3 /* Debug */ = {
			isa = XCBuildConfiguration;
			buildSettings = {
				ALWAYS_SEARCH_USER_PATHS = NO;
				CLANG_ANALYZER_LOCALIZABILITY_NONLOCALIZED = YES;
				CLANG_ANALYZER_NONNULL = YES;
				CLANG_CXX_LANGUAGE_STANDARD = "gnu++0x";
				CLANG_CXX_LIBRARY = "libc++";
				CLANG_ENABLE_MODULES = YES;
				CLANG_ENABLE_OBJC_ARC = YES;
				CLANG_WARN_BLOCK_CAPTURE_AUTORELEASING = YES;
				CLANG_WARN_BOOL_CONVERSION = YES;
				CLANG_WARN_COMMA = YES;
				CLANG_WARN_CONSTANT_CONVERSION = YES;
				CLANG_WARN_DEPRECATED_OBJC_IMPLEMENTATIONS = YES;
				CLANG_WARN_DIRECT_OBJC_ISA_USAGE = YES_ERROR;
				CLANG_WARN_EMPTY_BODY = YES;
				CLANG_WARN_ENUM_CONVERSION = YES;
				CLANG_WARN_INFINITE_RECURSION = YES;
				CLANG_WARN_INT_CONVERSION = YES;
				CLANG_WARN_NON_LITERAL_NULL_CONVERSION = YES;
				CLANG_WARN_OBJC_IMPLICIT_RETAIN_SELF = YES;
				CLANG_WARN_OBJC_LITERAL_CONVERSION = YES;
				CLANG_WARN_OBJC_ROOT_CLASS = YES_ERROR;
				CLANG_WARN_RANGE_LOOP_ANALYSIS = YES;
				CLANG_WARN_STRICT_PROTOTYPES = YES;
				CLANG_WARN_SUSPICIOUS_MOVE = YES;
				CLANG_WARN_UNREACHABLE_CODE = YES;
				CLANG_WARN__DUPLICATE_METHOD_MATCH = YES;
				"CODE_SIGN_IDENTITY[sdk=iphoneos*]" = "iPhone Developer";
				COPY_PHASE_STRIP = NO;
				DEBUG_INFORMATION_FORMAT = dwarf;
				ENABLE_STRICT_OBJC_MSGSEND = YES;
				ENABLE_TESTABILITY = YES;
				GCC_C_LANGUAGE_STANDARD = gnu99;
				GCC_DYNAMIC_NO_PIC = NO;
				GCC_NO_COMMON_BLOCKS = YES;
				GCC_OPTIMIZATION_LEVEL = 0;
				GCC_PREPROCESSOR_DEFINITIONS = (
					"DEBUG=1",
					"$(inherited)",
				);
				GCC_WARN_64_TO_32_BIT_CONVERSION = YES;
				GCC_WARN_ABOUT_RETURN_TYPE = YES_ERROR;
				GCC_WARN_UNDECLARED_SELECTOR = YES;
				GCC_WARN_UNINITIALIZED_AUTOS = YES_AGGRESSIVE;
				GCC_WARN_UNUSED_FUNCTION = YES;
				GCC_WARN_UNUSED_VARIABLE = YES;
				IPHONEOS_DEPLOYMENT_TARGET = 9.3;
				MTL_ENABLE_DEBUG_INFO = YES;
				ONLY_ACTIVE_ARCH = YES;
				SDKROOT = iphoneos;
				SWIFT_OPTIMIZATION_LEVEL = "-Onone";
				TARGETED_DEVICE_FAMILY = "1,2";
			};
			name = Debug;
		};
		20EF36C51CCDFD37002A68F3 /* Release */ = {
			isa = XCBuildConfiguration;
			buildSettings = {
				ALWAYS_SEARCH_USER_PATHS = NO;
				CLANG_ANALYZER_LOCALIZABILITY_NONLOCALIZED = YES;
				CLANG_ANALYZER_NONNULL = YES;
				CLANG_CXX_LANGUAGE_STANDARD = "gnu++0x";
				CLANG_CXX_LIBRARY = "libc++";
				CLANG_ENABLE_MODULES = YES;
				CLANG_ENABLE_OBJC_ARC = YES;
				CLANG_WARN_BLOCK_CAPTURE_AUTORELEASING = YES;
				CLANG_WARN_BOOL_CONVERSION = YES;
				CLANG_WARN_COMMA = YES;
				CLANG_WARN_CONSTANT_CONVERSION = YES;
				CLANG_WARN_DEPRECATED_OBJC_IMPLEMENTATIONS = YES;
				CLANG_WARN_DIRECT_OBJC_ISA_USAGE = YES_ERROR;
				CLANG_WARN_EMPTY_BODY = YES;
				CLANG_WARN_ENUM_CONVERSION = YES;
				CLANG_WARN_INFINITE_RECURSION = YES;
				CLANG_WARN_INT_CONVERSION = YES;
				CLANG_WARN_NON_LITERAL_NULL_CONVERSION = YES;
				CLANG_WARN_OBJC_IMPLICIT_RETAIN_SELF = YES;
				CLANG_WARN_OBJC_LITERAL_CONVERSION = YES;
				CLANG_WARN_OBJC_ROOT_CLASS = YES_ERROR;
				CLANG_WARN_RANGE_LOOP_ANALYSIS = YES;
				CLANG_WARN_STRICT_PROTOTYPES = YES;
				CLANG_WARN_SUSPICIOUS_MOVE = YES;
				CLANG_WARN_UNREACHABLE_CODE = YES;
				CLANG_WARN__DUPLICATE_METHOD_MATCH = YES;
				"CODE_SIGN_IDENTITY[sdk=iphoneos*]" = "iPhone Developer";
				COPY_PHASE_STRIP = NO;
				DEBUG_INFORMATION_FORMAT = "dwarf-with-dsym";
				ENABLE_NS_ASSERTIONS = NO;
				ENABLE_STRICT_OBJC_MSGSEND = YES;
				GCC_C_LANGUAGE_STANDARD = gnu99;
				GCC_NO_COMMON_BLOCKS = YES;
				GCC_WARN_64_TO_32_BIT_CONVERSION = YES;
				GCC_WARN_ABOUT_RETURN_TYPE = YES_ERROR;
				GCC_WARN_UNDECLARED_SELECTOR = YES;
				GCC_WARN_UNINITIALIZED_AUTOS = YES_AGGRESSIVE;
				GCC_WARN_UNUSED_FUNCTION = YES;
				GCC_WARN_UNUSED_VARIABLE = YES;
				IPHONEOS_DEPLOYMENT_TARGET = 9.3;
				MTL_ENABLE_DEBUG_INFO = NO;
				SDKROOT = iphoneos;
				SWIFT_OPTIMIZATION_LEVEL = "-Owholemodule";
				TARGETED_DEVICE_FAMILY = "1,2";
				VALIDATE_PRODUCT = YES;
			};
			name = Release;
		};
		20EF36C71CCDFD37002A68F3 /* Debug */ = {
			isa = XCBuildConfiguration;
			buildSettings = {
				ASSETCATALOG_COMPILER_APPICON_NAME = AppIcon;
				CODE_SIGN_IDENTITY = "iPhone Developer";
				INFOPLIST_FILE = FoodTracker/Info.plist;
				LD_RUNPATH_SEARCH_PATHS = "$(inherited) @executable_path/Frameworks";
				PRODUCT_BUNDLE_IDENTIFIER = com.swifticode.FoodTracker;
				PRODUCT_NAME = "$(TARGET_NAME)";
				SWIFT_SWIFT3_OBJC_INFERENCE = Default;
				SWIFT_VERSION = 5.0;
			};
			name = Debug;
		};
		20EF36C81CCDFD37002A68F3 /* Release */ = {
			isa = XCBuildConfiguration;
			buildSettings = {
				ASSETCATALOG_COMPILER_APPICON_NAME = AppIcon;
				CODE_SIGN_IDENTITY = "iPhone Developer";
				INFOPLIST_FILE = FoodTracker/Info.plist;
				LD_RUNPATH_SEARCH_PATHS = "$(inherited) @executable_path/Frameworks";
				PRODUCT_BUNDLE_IDENTIFIER = com.swifticode.FoodTracker;
				PRODUCT_NAME = "$(TARGET_NAME)";
				SWIFT_SWIFT3_OBJC_INFERENCE = Default;
				SWIFT_VERSION = 5.0;
			};
			name = Release;
		};
		20EF36CA1CCDFD37002A68F3 /* Debug */ = {
			isa = XCBuildConfiguration;
			buildSettings = {
				BUNDLE_LOADER = "$(TEST_HOST)";
				INFOPLIST_FILE = FoodTrackerTests/Info.plist;
				LD_RUNPATH_SEARCH_PATHS = "$(inherited) @executable_path/Frameworks @loader_path/Frameworks";
				PRODUCT_BUNDLE_IDENTIFIER = com.swifticode.FoodTrackerTests;
				PRODUCT_NAME = "$(TARGET_NAME)";
				SWIFT_SWIFT3_OBJC_INFERENCE = Default;
				SWIFT_VERSION = 5.0;
				TEST_HOST = "$(BUILT_PRODUCTS_DIR)/FoodTracker.app/FoodTracker";
			};
			name = Debug;
		};
		20EF36CB1CCDFD37002A68F3 /* Release */ = {
			isa = XCBuildConfiguration;
			buildSettings = {
				BUNDLE_LOADER = "$(TEST_HOST)";
				INFOPLIST_FILE = FoodTrackerTests/Info.plist;
				LD_RUNPATH_SEARCH_PATHS = "$(inherited) @executable_path/Frameworks @loader_path/Frameworks";
				PRODUCT_BUNDLE_IDENTIFIER = com.swifticode.FoodTrackerTests;
				PRODUCT_NAME = "$(TARGET_NAME)";
				SWIFT_SWIFT3_OBJC_INFERENCE = Default;
				SWIFT_VERSION = 5.0;
				TEST_HOST = "$(BUILT_PRODUCTS_DIR)/FoodTracker.app/FoodTracker";
			};
			name = Release;
		};
/* End XCBuildConfiguration section */

/* Begin XCConfigurationList section */
		20EF36A41CCDFD37002A68F3 /* Build configuration list for PBXProject "FoodTracker" */ = {
			isa = XCConfigurationList;
			buildConfigurations = (
				20EF36C41CCDFD37002A68F3 /* Debug */,
				20EF36C51CCDFD37002A68F3 /* Release */,
			);
			defaultConfigurationIsVisible = 0;
			defaultConfigurationName = Release;
		};
		20EF36C61CCDFD37002A68F3 /* Build configuration list for PBXNativeTarget "FoodTracker" */ = {
			isa = XCConfigurationList;
			buildConfigurations = (
				20EF36C71CCDFD37002A68F3 /* Debug */,
				20EF36C81CCDFD37002A68F3 /* Release */,
			);
			defaultConfigurationIsVisible = 0;
			defaultConfigurationName = Release;
		};
		20EF36C91CCDFD37002A68F3 /* Build configuration list for PBXNativeTarget "FoodTrackerTests" */ = {
			isa = XCConfigurationList;
			buildConfigurations = (
				20EF36CA1CCDFD37002A68F3 /* Debug */,
				20EF36CB1CCDFD37002A68F3 /* Release */,
			);
			defaultConfigurationIsVisible = 0;
			defaultConfigurationName = Release;
		};
/* End XCConfigurationList section */
	};
	rootObject = 20EF36A11CCDFD37002A68F3 /* Project object */;
}
